
Microsoft Visual Studio Solution File, Format Version 12.00
# Visual Studio Version 16
VisualStudioVersion = 16.0.31205.134
MinimumVisualStudioVersion = 10.0.40219.1
Project("{FAE04EC0-301F-11D3-BF4B-00C04F79EFBC}") = "Astar", "Astar\Astar.csproj", "{E471BC6E-3C78-4F95-A284-1D4B64F43856}"
EndProject
Global
	GlobalSection(SolutionConfigurationPlatforms) = preSolution
		Debug|Any CPU = Debug|Any CPU
		Release|Any CPU = Release|Any CPU
	EndGlobalSection
	GlobalSection(ProjectConfigurationPlatforms) = postSolution
		{E471BC6E-3C78-4F95-A284-1D4B64F43856}.Debug|Any CPU.ActiveCfg = Debug|Any CPU
		{E471BC6E-3C78-4F95-A284-1D4B64F43856}.Debug|Any CPU.Build.0 = Debug|Any CPU
		{E471BC6E-3C78-4F95-A284-1D4B64F43856}.Release|Any CPU.ActiveCfg = Release|Any CPU
		{E471BC6E-3C78-4F95-A284-1D4B64F43856}.Release|Any CPU.Build.0 = Release|Any CPU
	EndGlobalSection
	GlobalSection(SolutionProperties) = preSolution
		HideSolutionNode = FALSE
	EndGlobalSection
	GlobalSection(ExtensibilityGlobals) = postSolution
		SolutionGuid = {EED5C8B4-A701-4CE5-AC9C-BEAD4E7F88CE}
	EndGlobalSection
EndGlobal
